{
    "requires": true,
    "lockfileVersion": 1,
    "dependencies": {
        "filepond": {
            "version": "4.27.1",
            "resolved": "https://registry.npmjs.org/filepond/-/filepond-4.27.1.tgz",
            "integrity": "sha512-L4DQgywbI68L+Qtp+1Wo6ZuzxtsfnxPMssTV4tyV0Sm9+9SOhwX5Dmx7y9RE5I8E7OnKKugxuUSakXUPS689Zg=="
        }
    }
}
